{"_meta":{"file-type":"spack-lockfile","lockfile-version":6,"specfile-version":5},"spack":{"version":"1.2.0","type":"git","commit":"63962ed90680d339004305075da272ae93c04a41"},"roots":[{"hash":"x4a7ka4bqdx3xjondk23lsgitjwrlfz2","spec":"lmod"}],"concrete_specs":{"x4a7ka4bqdx3xjondk23lsgitjwrlfz2":{"name":"lmod","version":"9.1.2","arch":{"platform":"linux","platform_os":"ubuntu22.04","target":"x86_64_v3"},"namespace":"builtin","parameters":{"auto_swap":true,"build_system":"autotools","redirect":false,"cflags":[],"cppflags":[],"cxxflags":[],"fflags":[],"ldflags":[],"ldlibs":[]},"package_hash":"pxyngdnecar2tyzwhvaqofwitul57cgykcrrdnru6kockuyqykiq====","dependencies":[{"name":"bc","hash":"lwjyygrrjv6fkr6ebqdtkyofmluknl4a","parameters":{"deptypes":["build"],"virtuals":[]}},{"name":"compiler-wrapper","hash":"i44iohyma6kkrf5ib2q2ki2ie2kvgy5t","parameters":{"deptypes":["build"],"virtuals":[]}},{"name":"gcc","hash":"4xzbjox43immf63pexifjzhwt2xd7ujq","parameters":{"deptypes":["build"],"virtuals":["c"]}},{"name":"gcc-runtime","hash":"6b7thr7jsw65sazoqbltb3wml74l452d","parameters":{"deptypes":["link"],"virtuals":[]}},{"name":"glibc","hash":"epwvtixhoxdeufu6kbbrpaigv2p6iav4","parameters":{"deptypes":["link"],"virtuals":["libc"]}},{"name":"gmake","hash":"a5kigyorudb5wabe3u3j3o4q7nzc3ch5","parameters":{"deptypes":["build"],"virtuals":[]}},{"name":"lua","hash":"geqpxnt6q2ohmgf3cwfj5aeykheli6bp","parameters":{"deptypes":["build","link"],"virtuals":[]}},{"name":"lua-luafilesystem","hash":"rm7hxvyrv3icsqcub4zd54lhoh73m73w","parameters":{"deptypes":["build","run"],"virtuals":[]}},{"name":"lua-luaposix","hash":"zwn6d2ero5d26oxg5dtypz573vkbybnr","parameters":{"deptypes":["build","run"],"virtuals":[]}},{"name":"pkg-config","hash":"vicimqwpmskfyafwj7idi42ylfsnzu2w","parameters":{"deptypes":["build"],"virtuals":["pkgconfig"]}},{"name":"procps","hash":"uh7yib7trb6ozc7win4cnufspbkjwxuf","parameters":{"deptypes":["build"],"virtuals":[]}},{"name":"sed","hash":"m33rhtn6fn6kddg6tbzw6avck4x2l72d","parameters":{"deptypes":["build"],"virtuals":[]}},{"name":"tcl","hash":"ugcau3u37h45zcy6x74qnx22su2ts6k6","parameters":{"deptypes":["build","link","run"],"virtuals":[]}}],"annotations":{"original_specfile_version":5},"hash":"x4a7ka4bqdx3xjondk23lsgitjwrlfz2"},"lwjyygrrjv6fkr6ebqdtkyofmluknl4a":{"name":"bc","version":"1.08.2","arch":{"platform":"linux","platform_os":"ubuntu22.04","target":"x86_64_v3"},"namespace":"builtin","parameters":{"build_system":"autotools","cflags":[],"cppflags":[],"cxxflags":[],"fflags":[],"ldflags":[],"ldlibs":[]},"package_hash":"qretfdnkectde64dwqhcpgokt7jq5qybdopzojlzwyokiaj6uanq====","dependencies":[{"name":"compiler-wrapper","hash":"i44iohyma6kkrf5ib2q2ki2ie2kvgy5t","parameters":{"deptypes":["build"],"virtuals":[]}},{"name":"ed","hash":"wjnxeqv2fbmocc4yi6z2grb3m53zbj4p","parameters":{"deptypes":["build"],"virtuals":[]}},{"name":"gcc","hash":"4xzbjox43immf63pexifjzhwt2xd7ujq","parameters":{"deptypes":["build"],"virtuals":["c"]}},{"name":"gcc-runtime","hash":"6b7thr7jsw65sazoqbltb3wml74l452d","parameters":{"deptypes":["link"],"virtuals":[]}},{"name":"glibc","hash":"epwvtixhoxdeufu6kbbrpaigv2p6iav4","parameters":{"deptypes":["link"],"virtuals":["libc"]}},{"name":"gmake","hash":"a5kigyorudb5wabe3u3j3o4q7nzc3ch5","parameters":{"deptypes":["build"],"virtuals":[]}},{"name":"texinfo","hash":"ln6uiu55ou4awv6q5ol2a2bmv5nehwek","parameters":{"deptypes":["build"],"virtuals":[]}}],"annotations":{"original_specfile_version":5},"hash":"lwjyygrrjv6fkr6ebqdtkyofmluknl4a"},"i44iohyma6kkrf5ib2q2ki2ie2kvgy5t":{"name":"compiler-wrapper","version":"1.1.0","arch":{"platform":"linux","platform_os":"ubuntu22.04","target":"x86_64_v3"},"namespace":"builtin","parameters":{"build_system":"generic","cflags":[],"cppflags":[],"cxxflags":[],"fflags":[],"ldflags":[],"ldlibs":[]},"package_hash":"krswqw733edchvgy6sdrysilrhnacucktrtqngbnbtcymxtsnkaa====","annotations":{"original_specfile_version":5},"hash":"i44iohyma6kkrf5ib2q2ki2ie2kvgy5t"},"wjnxeqv2fbmocc4yi6z2grb3m53zbj4p":{"name":"ed","version":"1.4","arch":{"platform":"linux","platform_os":"ubuntu22.04","target":"x86_64_v3"},"namespace":"builtin","parameters":{"build_system":"autotools","cflags":[],"cppflags":[],"cxxflags":[],"fflags":[],"ldflags":[],"ldlibs":[]},"package_hash":"akvtjvguimk46g5mitjerirv7wcgmkihew7ya2hpp332u7bzfgha====","dependencies":[{"name":"compiler-wrapper","hash":"i44iohyma6kkrf5ib2q2ki2ie2kvgy5t","parameters":{"deptypes":["build"],"virtuals":[]}},{"name":"gcc","hash":"4xzbjox43immf63pexifjzhwt2xd7ujq","parameters":{"deptypes":["build"],"virtuals":["c","cxx"]}},{"name":"gcc-runtime","hash":"6b7thr7jsw65sazoqbltb3wml74l452d","parameters":{"deptypes":["link"],"virtuals":[]}},{"name":"glibc","hash":"epwvtixhoxdeufu6kbbrpaigv2p6iav4","parameters":{"deptypes":["link"],"virtuals":["libc"]}},{"name":"gmake","hash":"a5kigyorudb5wabe3u3j3o4q7nzc3ch5","parameters":{"deptypes":["build"],"virtuals":[]}}],"annotations":{"original_specfile_version":5},"hash":"wjnxeqv2fbmocc4yi6z2grb3m53zbj4p"},"4xzbjox43immf63pexifjzhwt2xd7ujq":{"name":"gcc","version":"11.4.0","arch":{"platform":"linux","platform_os":"ubuntu22.04","target":"x86_64_v3"},"namespace":"builtin","parameters":{"binutils":true,"bootstrap":true,"build_system":"autotools","build_type":"RelWithDebInfo","graphite":false,"languages":["c","c++","fortran"],"libsanitizer":true,"nvptx":false,"piclibs":false,"profiled":false,"strip":false,"cflags":[],"cppflags":[],"cxxflags":[],"fflags":[],"ldflags":[],"ldlibs":[]},"external":{"path":"/usr","module":null,"extra_attributes":{"compilers":{"c":"/usr/bin/gcc","cxx":"/usr/bin/g++","fortran":"/usr/bin/gfortran"}}},"package_hash":"fzwd5uilcryvqlfc4xuz677rewqgpnk6ebwndxb7hb4zsqb2uzsa====","annotations":{"original_specfile_version":5},"hash":"4xzbjox43immf63pexifjzhwt2xd7ujq"},"6b7thr7jsw65sazoqbltb3wml74l452d":{"name":"gcc-runtime","version":"11.4.0","arch":{"platform":"linux","platform_os":"ubuntu22.04","target":"x86_64_v3"},"namespace":"builtin","parameters":{"build_system":"generic","cflags":[],"cppflags":[],"cxxflags":[],"fflags":[],"ldflags":[],"ldlibs":[]},"package_hash":"4wopkmadudswpydg45u4k2mzsyzwvmcmwre2cb735c7kd43qwpdq====","dependencies":[{"name":"gcc","hash":"4xzbjox43immf63pexifjzhwt2xd7ujq","parameters":{"deptypes":["build"],"virtuals":[]}},{"name":"glibc","hash":"epwvtixhoxdeufu6kbbrpaigv2p6iav4","parameters":{"deptypes":["link"],"virtuals":["libc"]}}],"annotations":{"original_specfile_version":5},"hash":"6b7thr7jsw65sazoqbltb3wml74l452d"},"epwvtixhoxdeufu6kbbrpaigv2p6iav4":{"name":"glibc","version":"2.35","arch":{"platform":"linux","platform_os":"ubuntu22.04","target":"x86_64_v3"},"namespace":"builtin","parameters":{"build_system":"autotools","cflags":[],"cppflags":[],"cxxflags":[],"fflags":[],"ldflags":[],"ldlibs":[]},"external":{"path":"/usr","module":null,"extra_attributes":{}},"package_hash":"labkut57sbgo5vt35suievms7ttuwbftxtp66nrxqswuy7kgrprq====","annotations":{"original_specfile_version":5},"hash":"epwvtixhoxdeufu6kbbrpaigv2p6iav4"},"a5kigyorudb5wabe3u3j3o4q7nzc3ch5":{"name":"gmake","version":"4.3","arch":{"platform":"linux","platform_os":"ubuntu22.04","target":"x86_64_v3"},"namespace":"builtin","parameters":{"build_system":"generic","guile":false,"cflags":[],"cppflags":[],"cxxflags":[],"fflags":[],"ldflags":[],"ldlibs":[]},"external":{"path":"/usr","module":null,"extra_attributes":{}},"package_hash":"yasiopltoes6a3st7be4omlpfoxi7d655vb354fhh3hzvsht5vwq====","annotations":{"original_specfile_version":5},"hash":"a5kigyorudb5wabe3u3j3o4q7nzc3ch5"},"ln6uiu55ou4awv6q5ol2a2bmv5nehwek":{"name":"texinfo","version":"7.2","arch":{"platform":"linux","platform_os":"ubuntu22.04","target":"x86_64_v3"},"namespace":"builtin","parameters":{"build_system":"autotools","xs":false,"cflags":[],"cppflags":[],"cxxflags":[],"fflags":[],"ldflags":[],"ldlibs":[]},"package_hash":"7mxua5avmm7txeqi5xcqrgqcjbsmwxfuu3wdhnrgorrgav632lha====","dependencies":[{"name":"compiler-wrapper","hash":"i44iohyma6kkrf5ib2q2ki2ie2kvgy5t","parameters":{"deptypes":["build"],"virtuals":[]}},{"name":"gcc","hash":"4xzbjox43immf63pexifjzhwt2xd7ujq","parameters":{"deptypes":["build"],"virtuals":["c","cxx"]}},{"name":"gcc-runtime","hash":"6b7thr7jsw65sazoqbltb3wml74l452d","parameters":{"deptypes":["link"],"virtuals":[]}},{"name":"gettext","hash":"dgqu7li2ycwsdiap4riddw6hmzhficut","parameters":{"deptypes":["build","link"],"virtuals":[]}},{"name":"glibc","hash":"epwvtixhoxdeufu6kbbrpaigv2p6iav4","parameters":{"deptypes":["link"],"virtuals":["libc"]}},{"name":"gmake","hash":"a5kigyorudb5wabe3u3j3o4q7nzc3ch5","parameters":{"deptypes":["build"],"virtuals":[]}},{"name":"ncurses","hash":"hw5ktbfepcodrtidyzho3qw3exoihnab","parameters":{"deptypes":["build","link"],"virtuals":[]}},{"name":"perl","hash":"uxxcjm6dehkfbmetf3qvocbdvxaczpez","parameters":{"deptypes":["build","link"],"virtuals":[]}}],"annotations":{"original_specfile_version":5},"hash":"ln6uiu55ou4awv6q5ol2a2bmv5nehwek"},"dgqu7li2ycwsdiap4riddw6hmzhficut":{"name":"gettext","version":"1.0","arch":{"platform":"linux","platform_os":"ubuntu22.04","target":"x86_64_v3"},"namespace":"builtin","parameters":{"build_system":"autotools","bzip2":true,"curses":true,"git":true,"libunistring":true,"libxml2":true,"pic":true,"shared":true,"tar":true,"xz":true,"cflags":[],"cppflags":[],"cxxflags":[],"fflags":[],"ldflags":[],"ldlibs":[]},"package_hash":"ovlnai7b6g5wmztjbdlh44etm2otg4x7pr23rxinhlvnwljpouoq====","dependencies":[{"name":"bzip2","hash":"pzcusesvmcnkp2xadcv3nrhevfsdsgu4","parameters":{"deptypes":["build","link"],"virtuals":[]}},{"name":"compiler-wrapper","hash":"i44iohyma6kkrf5ib2q2ki2ie2kvgy5t","parameters":{"deptypes":["build"],"virtuals":[]}},{"name":"gcc","hash":"4xzbjox43immf63pexifjzhwt2xd7ujq","parameters":{"deptypes":["build"],"virtuals":["c","cxx"]}},{"name":"gcc-runtime","hash":"6b7thr7jsw65sazoqbltb3wml74l452d","parameters":{"deptypes":["link"],"virtuals":[]}},{"name":"glibc","hash":"epwvtixhoxdeufu6kbbrpaigv2p6iav4","parameters":{"deptypes":["link"],"virtuals":["libc"]}},{"name":"gmake","hash":"a5kigyorudb5wabe3u3j3o4q7nzc3ch5","parameters":{"deptypes":["build"],"virtuals":[]}},{"name":"libiconv","hash":"nokiythqhpbqwc7qvw2hnrxses56jarm","parameters":{"deptypes":["build","link"],"virtuals":["iconv"]}},{"name":"libunistring","hash":"mhsxkvkwp7jarohvi4ptiwd5eux4rfpo","parameters":{"deptypes":["build","link"],"virtuals":[]}},{"name":"libxml2","hash":"e5k4x3y6fr2tb3hg5anuyw7abghxj42n","parameters":{"deptypes":["build","link"],"virtuals":[]}},{"name":"ncurses","hash":"hw5ktbfepcodrtidyzho3qw3exoihnab","parameters":{"deptypes":["build","link"],"virtuals":[]}},{"name":"tar","hash":"vlem77gy7mbvkrz62enrem6nnwurb7ks","parameters":{"deptypes":["run"],"virtuals":[]}},{"name":"xz","hash":"2khzbothnejyfoys56ar3i2uuppy4vcb","parameters":{"deptypes":["build","link","run"],"virtuals":[]}}],"annotations":{"original_specfile_version":5},"hash":"dgqu7li2ycwsdiap4riddw6hmzhficut"},"pzcusesvmcnkp2xadcv3nrhevfsdsgu4":{"name":"bzip2","version":"1.0.8","arch":{"platform":"linux","platform_os":"ubuntu22.04","target":"x86_64_v3"},"namespace":"builtin","parameters":{"build_system":"generic","debug":false,"pic":false,"shared":true,"cflags":[],"cppflags":[],"cxxflags":[],"fflags":[],"ldflags":[],"ldlibs":[]},"package_hash":"23pafj3kmpyregjxpmso3hf2q5op467msdhghyksoj2sv75ixqga====","dependencies":[{"name":"compiler-wrapper","hash":"i44iohyma6kkrf5ib2q2ki2ie2kvgy5t","parameters":{"deptypes":["build"],"virtuals":[]}},{"name":"diffutils","hash":"artqjj6cne3qexcjhkqi3k3s6twke572","parameters":{"deptypes":["build"],"virtuals":[]}},{"name":"gcc","hash":"4xzbjox43immf63pexifjzhwt2xd7ujq","parameters":{"deptypes":["build"],"virtuals":["c"]}},{"name":"gcc-runtime","hash":"6b7thr7jsw65sazoqbltb3wml74l452d","parameters":{"deptypes":["link"],"virtuals":[]}},{"name":"glibc","hash":"epwvtixhoxdeufu6kbbrpaigv2p6iav4","parameters":{"deptypes":["link"],"virtuals":["libc"]}},{"name":"gmake","hash":"a5kigyorudb5wabe3u3j3o4q7nzc3ch5","parameters":{"deptypes":["build"],"virtuals":[]}}],"annotations":{"original_specfile_version":5},"hash":"pzcusesvmcnkp2xadcv3nrhevfsdsgu4"},"artqjj6cne3qexcjhkqi3k3s6twke572":{"name":"diffutils","version":"3.8","arch":{"platform":"linux","platform_os":"ubuntu22.04","target":"x86_64_v3"},"namespace":"builtin","parameters":{"build_system":"autotools","cflags":[],"cppflags":[],"cxxflags":[],"fflags":[],"ldflags":[],"ldlibs":[]},"external":{"path":"/usr","module":null,"extra_attributes":{}},"package_hash":"ufrzskbptdlz4iesg2c353f54426gdao6ou6xobdwyudwuxkhmpa====","annotations":{"original_specfile_version":5},"hash":"artqjj6cne3qexcjhkqi3k3s6twke572"},"nokiythqhpbqwc7qvw2hnrxses56jarm":{"name":"libiconv","version":"1.18","arch":{"platform":"linux","platform_os":"ubuntu22.04","target":"x86_64_v3"},"namespace":"builtin","parameters":{"build_system":"autotools","libs":["shared","static"],"cflags":[],"cppflags":[],"cxxflags":[],"fflags":[],"ldflags":[],"ldlibs":[]},"package_hash":"ewtsucjkci2hquwbnguwdkediavggpdgzm4vi5rwwunj4pon32rq====","dependencies":[{"name":"compiler-wrapper","hash":"i44iohyma6kkrf5ib2q2ki2ie2kvgy5t","parameters":{"deptypes":["build"],"virtuals":[]}},{"name":"gcc","hash":"4xzbjox43immf63pexifjzhwt2xd7ujq","parameters":{"deptypes":["build"],"virtuals":["c"]}},{"name":"gcc-runtime","hash":"6b7thr7jsw65sazoqbltb3wml74l452d","parameters":{"deptypes":["link"],"virtuals":[]}},{"name":"glibc","hash":"epwvtixhoxdeufu6kbbrpaigv2p6iav4","parameters":{"deptypes":["link"],"virtuals":["libc"]}},{"name":"gmake","hash":"a5kigyorudb5wabe3u3j3o4q7nzc3ch5","parameters":{"deptypes":["build"],"virtuals":[]}}],"annotations":{"original_specfile_version":5},"hash":"nokiythqhpbqwc7qvw2hnrxses56jarm"},"mhsxkvkwp7jarohvi4ptiwd5eux4rfpo":{"name":"libunistring","version":"1.4.2","arch":{"platform":"linux","platform_os":"ubuntu22.04","target":"x86_64_v3"},"namespace":"builtin","parameters":{"build_system":"autotools","cflags":[],"cppflags":[],"cxxflags":[],"fflags":[],"ldflags":[],"ldlibs":[]},"package_hash":"2rtlfhrr6s27nalw3s5pruedvgasc52y37il4ky3kembhczeb4rq====","dependencies":[{"name":"compiler-wrapper","hash":"i44iohyma6kkrf5ib2q2ki2ie2kvgy5t","parameters":{"deptypes":["build"],"virtuals":[]}},{"name":"gcc","hash":"4xzbjox43immf63pexifjzhwt2xd7ujq","parameters":{"deptypes":["build"],"virtuals":["c"]}},{"name":"gcc-runtime","hash":"6b7thr7jsw65sazoqbltb3wml74l452d","parameters":{"deptypes":["link"],"virtuals":[]}},{"name":"glibc","hash":"epwvtixhoxdeufu6kbbrpaigv2p6iav4","parameters":{"deptypes":["link"],"virtuals":["libc"]}},{"name":"gmake","hash":"a5kigyorudb5wabe3u3j3o4q7nzc3ch5","parameters":{"deptypes":["build"],"virtuals":[]}},{"name":"libiconv","hash":"nokiythqhpbqwc7qvw2hnrxses56jarm","parameters":{"deptypes":["build","link"],"virtuals":["iconv"]}}],"annotations":{"original_specfile_version":5},"hash":"mhsxkvkwp7jarohvi4ptiwd5eux4rfpo"},"e5k4x3y6fr2tb3hg5anuyw7abghxj42n":{"name":"libxml2","version":"2.15.3","arch":{"platform":"linux","platform_os":"ubuntu22.04","target":"x86_64_v3"},"namespace":"builtin","parameters":{"build_system":"autotools","pic":true,"python":false,"shared":true,"cflags":[],"cppflags":[],"cxxflags":[],"fflags":[],"ldflags":[],"ldlibs":[]},"package_hash":"mlipmbzp7ge4oowcba2wlftdnyojw7qogswkczoxyvpl5cnnn3ua====","dependencies":[{"name":"compiler-wrapper","hash":"i44iohyma6kkrf5ib2q2ki2ie2kvgy5t","parameters":{"deptypes":["build"],"virtuals":[]}},{"name":"gcc","hash":"4xzbjox43immf63pexifjzhwt2xd7ujq","parameters":{"deptypes":["build"],"virtuals":["c"]}},{"name":"gcc-runtime","hash":"6b7thr7jsw65sazoqbltb3wml74l452d","parameters":{"deptypes":["link"],"virtuals":[]}},{"name":"glibc","hash":"epwvtixhoxdeufu6kbbrpaigv2p6iav4","parameters":{"deptypes":["link"],"virtuals":["libc"]}},{"name":"gmake","hash":"a5kigyorudb5wabe3u3j3o4q7nzc3ch5","parameters":{"deptypes":["build"],"virtuals":[]}},{"name":"libiconv","hash":"nokiythqhpbqwc7qvw2hnrxses56jarm","parameters":{"deptypes":["build","link"],"virtuals":["iconv"]}},{"name":"pkg-config","hash":"vicimqwpmskfyafwj7idi42ylfsnzu2w","parameters":{"deptypes":["build"],"virtuals":["pkgconfig"]}},{"name":"xz","hash":"2khzbothnejyfoys56ar3i2uuppy4vcb","parameters":{"deptypes":["build","link"],"virtuals":[]}},{"name":"zlib","hash":"nffmrr4xtgpdzkg4lyvkm46toa6mdxgu","parameters":{"deptypes":["build","link"],"virtuals":["zlib-api"]}}],"annotations":{"original_specfile_version":5},"hash":"e5k4x3y6fr2tb3hg5anuyw7abghxj42n"},"vicimqwpmskfyafwj7idi42ylfsnzu2w":{"name":"pkg-config","version":"0.29.2","arch":{"platform":"linux","platform_os":"ubuntu22.04","target":"x86_64_v3"},"namespace":"builtin","parameters":{"build_system":"autotools","internal_glib":true,"cflags":[],"cppflags":[],"cxxflags":[],"fflags":[],"ldflags":[],"ldlibs":[]},"external":{"path":"/usr","module":null,"extra_attributes":{}},"package_hash":"76ubdjlojmbauws5u2tct6nbis7rzjgkwd26rg6st3ykik5xnstq====","annotations":{"original_specfile_version":5},"hash":"vicimqwpmskfyafwj7idi42ylfsnzu2w"},"2khzbothnejyfoys56ar3i2uuppy4vcb":{"name":"xz","version":"5.8.3","arch":{"platform":"linux","platform_os":"ubuntu22.04","target":"x86_64_v3"},"namespace":"builtin","parameters":{"build_system":"autotools","libs":["shared","static"],"pic":false,"cflags":[],"cppflags":[],"cxxflags":[],"fflags":[],"ldflags":[],"ldlibs":[]},"package_hash":"2p4c67wy2rdvwyfvjctbvgx4b2ezbzinzfp3ab4cbmyhdgsynjaq====","dependencies":[{"name":"compiler-wrapper","hash":"i44iohyma6kkrf5ib2q2ki2ie2kvgy5t","parameters":{"deptypes":["build"],"virtuals":[]}},{"name":"gcc","hash":"4xzbjox43immf63pexifjzhwt2xd7ujq","parameters":{"deptypes":["build"],"virtuals":["c"]}},{"name":"gcc-runtime","hash":"6b7thr7jsw65sazoqbltb3wml74l452d","parameters":{"deptypes":["link"],"virtuals":[]}},{"name":"glibc","hash":"epwvtixhoxdeufu6kbbrpaigv2p6iav4","parameters":{"deptypes":["link"],"virtuals":["libc"]}},{"name":"gmake","hash":"a5kigyorudb5wabe3u3j3o4q7nzc3ch5","parameters":{"deptypes":["build"],"virtuals":[]}}],"annotations":{"original_specfile_version":5},"hash":"2khzbothnejyfoys56ar3i2uuppy4vcb"},"nffmrr4xtgpdzkg4lyvkm46toa6mdxgu":{"name":"zlib","version":"1.2.11","arch":{"platform":"linux","platform_os":"ubuntu22.04","target":"x86_64_v3"},"namespace":"builtin","parameters":{"build_system":"makefile","optimize":true,"pic":true,"shared":true,"cflags":[],"cppflags":[],"cxxflags":[],"fflags":[],"ldflags":[],"ldlibs":[]},"external":{"path":"/usr","module":null,"extra_attributes":{}},"package_hash":"yrrc7m4zqhoucz7c75czyetmbld2igm24y4q3wdrjq3j2eyhl5tq====","annotations":{"original_specfile_version":5},"hash":"nffmrr4xtgpdzkg4lyvkm46toa6mdxgu"},"hw5ktbfepcodrtidyzho3qw3exoihnab":{"name":"ncurses","version":"6.6","arch":{"platform":"linux","platform_os":"ubuntu22.04","target":"x86_64_v3"},"namespace":"builtin","parameters":{"abi":"none","build_system":"autotools","patches":["7a351bc4953a4ab70dabdbea31c8db0c03d40ce505335f3b6687180dde24c535"],"symlinks":false,"termlib":true,"cflags":[],"cppflags":[],"cxxflags":[],"fflags":[],"ldflags":[],"ldlibs":[]},"patches":["7a351bc4953a4ab70dabdbea31c8db0c03d40ce505335f3b6687180dde24c535"],"package_hash":"ezbmun4s3mducpc653hq5scim7iwi7fcpwkmsk6ljgkyosipmviq====","dependencies":[{"name":"compiler-wrapper","hash":"i44iohyma6kkrf5ib2q2ki2ie2kvgy5t","parameters":{"deptypes":["build"],"virtuals":[]}},{"name":"gcc","hash":"4xzbjox43immf63pexifjzhwt2xd7ujq","parameters":{"deptypes":["build"],"virtuals":["c","cxx"]}},{"name":"gcc-runtime","hash":"6b7thr7jsw65sazoqbltb3wml74l452d","parameters":{"deptypes":["link"],"virtuals":[]}},{"name":"glibc","hash":"epwvtixhoxdeufu6kbbrpaigv2p6iav4","parameters":{"deptypes":["link"],"virtuals":["libc"]}},{"name":"gmake","hash":"a5kigyorudb5wabe3u3j3o4q7nzc3ch5","parameters":{"deptypes":["build"],"virtuals":[]}},{"name":"pkg-config","hash":"vicimqwpmskfyafwj7idi42ylfsnzu2w","parameters":{"deptypes":["build"],"virtuals":["pkgconfig"]}}],"annotations":{"original_specfile_version":5},"hash":"hw5ktbfepcodrtidyzho3qw3exoihnab"},"vlem77gy7mbvkrz62enrem6nnwurb7ks":{"name":"tar","version":"1.34","arch":{"platform":"linux","platform_os":"ubuntu22.04","target":"x86_64_v3"},"namespace":"builtin","parameters":{"build_system":"autotools","zip":"pigz","cflags":[],"cppflags":[],"cxxflags":[],"fflags":[],"ldflags":[],"ldlibs":[]},"external":{"path":"/usr","module":null,"extra_attributes":{}},"package_hash":"sz5jfvrhliod2bf3u23bj6nlbyntsepu4loa7f6oq4ofurzeuilq====","annotations":{"original_specfile_version":5},"hash":"vlem77gy7mbvkrz62enrem6nnwurb7ks"},"uxxcjm6dehkfbmetf3qvocbdvxaczpez":{"name":"perl","version":"5.34.0","arch":{"platform":"linux","platform_os":"ubuntu22.04","target":"x86_64_v3"},"namespace":"builtin","parameters":{"build_system":"generic","cpanm":false,"opcode":true,"open":true,"shared":true,"threads":true,"cflags":[],"cppflags":[],"cxxflags":[],"fflags":[],"ldflags":[],"ldlibs":[]},"external":{"path":"/usr","module":null,"extra_attributes":{}},"package_hash":"543tkfkm3czr6exosaf75qczwskqb6xpayoscf4tzpcwa7qh5gaa====","annotations":{"original_specfile_version":5},"hash":"uxxcjm6dehkfbmetf3qvocbdvxaczpez"},"geqpxnt6q2ohmgf3cwfj5aeykheli6bp":{"name":"lua","version":"5.4.8","arch":{"platform":"linux","platform_os":"ubuntu22.04","target":"x86_64_v3"},"namespace":"builtin","parameters":{"build_system":"makefile","fetcher":"curl","shared":true,"cflags":[],"cppflags":[],"cxxflags":[],"fflags":[],"ldflags":[],"ldlibs":[]},"package_hash":"tbsz4pkftlxloobu4qxytmcuv3tbbnvvasn6ogmkqodhbacgto7a====","dependencies":[{"name":"compiler-wrapper","hash":"i44iohyma6kkrf5ib2q2ki2ie2kvgy5t","parameters":{"deptypes":["build"],"virtuals":[]}},{"name":"curl","hash":"uhdq2wa7xbrrrenry63n4p4mvnmajesr","parameters":{"deptypes":["run"],"virtuals":[]}},{"name":"gcc","hash":"4xzbjox43immf63pexifjzhwt2xd7ujq","parameters":{"deptypes":["build"],"virtuals":["c"]}},{"name":"gcc-runtime","hash":"6b7thr7jsw65sazoqbltb3wml74l452d","parameters":{"deptypes":["link"],"virtuals":[]}},{"name":"glibc","hash":"epwvtixhoxdeufu6kbbrpaigv2p6iav4","parameters":{"deptypes":["link"],"virtuals":["libc"]}},{"name":"gmake","hash":"a5kigyorudb5wabe3u3j3o4q7nzc3ch5","parameters":{"deptypes":["build"],"virtuals":[]}},{"name":"ncurses","hash":"hw5ktbfepcodrtidyzho3qw3exoihnab","parameters":{"deptypes":["build","link"],"virtuals":[]}},{"name":"readline","hash":"bihnrj4vswc4kajnj6tepqkvckbdxqvw","parameters":{"deptypes":["build","link"],"virtuals":[]}},{"name":"unzip","hash":"oqyin45gv3evlnblzl2ka5vghs7umsw6","parameters":{"deptypes":["build","run"],"virtuals":[]}}],"annotations":{"original_specfile_version":5},"hash":"geqpxnt6q2ohmgf3cwfj5aeykheli6bp"},"uhdq2wa7xbrrrenry63n4p4mvnmajesr":{"name":"curl","version":"7.81.0","arch":{"platform":"linux","platform_os":"ubuntu22.04","target":"x86_64_v3"},"namespace":"builtin","parameters":{"build_system":"autotools","gssapi":true,"ldap":true,"libidn2":false,"librtmp":false,"libs":["shared","static"],"libssh":false,"libssh2":false,"nghttp2":true,"tls":["openssl"],"cflags":[],"cppflags":[],"cxxflags":[],"fflags":[],"ldflags":[],"ldlibs":[]},"external":{"path":"/usr","module":null,"extra_attributes":{}},"package_hash":"x6wa4gwhb5lr6fij3sy7344fwhp7m7svrhljzsfjqps7i2dxrbtq====","annotations":{"original_specfile_version":5},"hash":"uhdq2wa7xbrrrenry63n4p4mvnmajesr"},"bihnrj4vswc4kajnj6tepqkvckbdxqvw":{"name":"readline","version":"8.3","arch":{"platform":"linux","platform_os":"ubuntu22.04","target":"x86_64_v3"},"namespace":"builtin","parameters":{"build_system":"autotools","patches":["21f0a03106dbe697337cd25c70eb0edbaa2bdb6d595b45f83285cdd35bac84de","72dee13601ce38f6746eb15239999a7c56f8e1ff5eb1ec8153a1f213e4acdb29","e27364396ba9f6debf7cbaaf1a669e2b2854241ae07f7eca74ca8a8ba0c97472"],"cflags":[],"cppflags":[],"cxxflags":[],"fflags":[],"ldflags":[],"ldlibs":[]},"patches":["21f0a03106dbe697337cd25c70eb0edbaa2bdb6d595b45f83285cdd35bac84de","e27364396ba9f6debf7cbaaf1a669e2b2854241ae07f7eca74ca8a8ba0c97472","72dee13601ce38f6746eb15239999a7c56f8e1ff5eb1ec8153a1f213e4acdb29"],"package_hash":"6jqbqmx6gmbvcqzadr5pu7srx5pjspimgerocfu5qzijur6d6nxa====","dependencies":[{"name":"compiler-wrapper","hash":"i44iohyma6kkrf5ib2q2ki2ie2kvgy5t","parameters":{"deptypes":["build"],"virtuals":[]}},{"name":"gcc","hash":"4xzbjox43immf63pexifjzhwt2xd7ujq","parameters":{"deptypes":["build"],"virtuals":["c"]}},{"name":"gcc-runtime","hash":"6b7thr7jsw65sazoqbltb3wml74l452d","parameters":{"deptypes":["link"],"virtuals":[]}},{"name":"glibc","hash":"epwvtixhoxdeufu6kbbrpaigv2p6iav4","parameters":{"deptypes":["link"],"virtuals":["libc"]}},{"name":"gmake","hash":"a5kigyorudb5wabe3u3j3o4q7nzc3ch5","parameters":{"deptypes":["build"],"virtuals":[]}},{"name":"ncurses","hash":"hw5ktbfepcodrtidyzho3qw3exoihnab","parameters":{"deptypes":["build","link"],"virtuals":[]}}],"annotations":{"original_specfile_version":5},"hash":"bihnrj4vswc4kajnj6tepqkvckbdxqvw"},"oqyin45gv3evlnblzl2ka5vghs7umsw6":{"name":"unzip","version":"6.0","arch":{"platform":"linux","platform_os":"ubuntu22.04","target":"x86_64_v3"},"namespace":"builtin","parameters":{"build_system":"makefile","patches":["179330daaf395b631025d23ec666c227707caa8859a872cc39d3ea0e2a645e97","24582ff3dcd926d1a46caf8506f76999d2525dd66e36f50b25dca50799695f12","251d5755ffb1e9701434c545fcda0fbfc2a16372f9d807fd07606b1364a1b55b","337131428f491b7030f96ee5b8ef3d8f5963730d1619b2754c624f4616d79adb","44599c80ea507c1fcfb8fb58b4c9d8d18f3157de453c1e0469a703322deb042a","47e9deff12845e71de98cd19506a51c21d756a61bb67c0b17e77b84bdbe9fb84","4e5a081aa8d0ad9aa5ceeda9eaeefbb6a7e7666d6b7a5b81cb0a61a3ff99a942","59c0983b53801d3080684bc616d3570ccacfe471f3a8c442916b87f2f3bfa334","64f64985270e026c01d2c19c6b66c218cf5bcfc7cf3d4a44e601fad41975ec73","74bc961e8013a4058687a3730590a709b7889203beb74a4a8369ba0301bef0e2","7d8e5c77ad99f9bf56d4cbf224b5635367feb44f81745dec84b44365f8f5eb16","81ca46cfd3cf732de8cf78c57790ed7d5c73a5e8d41943b8f6313cede6004f3e","881d2ed0755926f8ca1a0393b0ae0b5fe6d69ec784d6d5bfa1db06742246d0ea","aced0f27191a67f9b8b3fdc5995938a64fd87cea64a0bbba2106e06137ef91c2","b6f64d7b57e74ceaa794dd13a6937f063ec915343f3d5d88b0f81c919e7bf171","b7a14c33db93d1e5b4fc6ce113b4b99ff7a81ed56f46c87e001f22ec085e0273","c9a863e570bdaf2637c43bf1bba3d97808a1b0504d85418f6a8550ac286788f2","ee9e26018190a515572b66a26118916843aa1002131a86b5c52769dc663b7acb","f6f62365acad3ab3b5f4b2982e418168a8fa29420868c7571a6c59cc475dd167","f88b9d4119a1e256f3335a2d2c142dd95d13d7c5f9e5ecd4371e547249f3557c","fde8f9d6dbc5e9dc59f4497de8e4e313fd74318eaf5f33421acd74442fd10706"],"cflags":[],"cppflags":[],"cxxflags":[],"fflags":[],"ldflags":[],"ldlibs":[]},"patches":["f6f62365acad3ab3b5f4b2982e418168a8fa29420868c7571a6c59cc475dd167","881d2ed0755926f8ca1a0393b0ae0b5fe6d69ec784d6d5bfa1db06742246d0ea","74bc961e8013a4058687a3730590a709b7889203beb74a4a8369ba0301bef0e2","fde8f9d6dbc5e9dc59f4497de8e4e313fd74318eaf5f33421acd74442fd10706","64f64985270e026c01d2c19c6b66c218cf5bcfc7cf3d4a44e601fad41975ec73","c9a863e570bdaf2637c43bf1bba3d97808a1b0504d85418f6a8550ac286788f2","337131428f491b7030f96ee5b8ef3d8f5963730d1619b2754c624f4616d79adb","b7a14c33db93d1e5b4fc6ce113b4b99ff7a81ed56f46c87e001f22ec085e0273","251d5755ffb1e9701434c545fcda0fbfc2a16372f9d807fd07606b1364a1b55b","b6f64d7b57e74ceaa794dd13a6937f063ec915343f3d5d88b0f81c919e7bf171","7d8e5c77ad99f9bf56d4cbf224b5635367feb44f81745dec84b44365f8f5eb16","aced0f27191a67f9b8b3fdc5995938a64fd87cea64a0bbba2106e06137ef91c2","47e9deff12845e71de98cd19506a51c21d756a61bb67c0b17e77b84bdbe9fb84","24582ff3dcd926d1a46caf8506f76999d2525dd66e36f50b25dca50799695f12","f88b9d4119a1e256f3335a2d2c142dd95d13d7c5f9e5ecd4371e547249f3557c","ee9e26018190a515572b66a26118916843aa1002131a86b5c52769dc663b7acb","179330daaf395b631025d23ec666c227707caa8859a872cc39d3ea0e2a645e97","44599c80ea507c1fcfb8fb58b4c9d8d18f3157de453c1e0469a703322deb042a","81ca46cfd3cf732de8cf78c57790ed7d5c73a5e8d41943b8f6313cede6004f3e","59c0983b53801d3080684bc616d3570ccacfe471f3a8c442916b87f2f3bfa334","4e5a081aa8d0ad9aa5ceeda9eaeefbb6a7e7666d6b7a5b81cb0a61a3ff99a942"],"package_hash":"jll2spid4jxi53uk2savzamnpu2lkpp3lmvnu2iryb5md56q7dra====","dependencies":[{"name":"compiler-wrapper","hash":"i44iohyma6kkrf5ib2q2ki2ie2kvgy5t","parameters":{"deptypes":["build"],"virtuals":[]}},{"name":"gcc","hash":"4xzbjox43immf63pexifjzhwt2xd7ujq","parameters":{"deptypes":["build"],"virtuals":["c"]}},{"name":"gcc-runtime","hash":"6b7thr7jsw65sazoqbltb3wml74l452d","parameters":{"deptypes":["link"],"virtuals":[]}},{"name":"glibc","hash":"epwvtixhoxdeufu6kbbrpaigv2p6iav4","parameters":{"deptypes":["link"],"virtuals":["libc"]}},{"name":"gmake","hash":"a5kigyorudb5wabe3u3j3o4q7nzc3ch5","parameters":{"deptypes":["build"],"virtuals":[]}}],"annotations":{"original_specfile_version":5},"hash":"oqyin45gv3evlnblzl2ka5vghs7umsw6"},"rm7hxvyrv3icsqcub4zd54lhoh73m73w":{"name":"lua-luafilesystem","version":"1.9.0","arch":{"platform":"linux","platform_os":"ubuntu22.04","target":"x86_64_v3"},"namespace":"builtin","parameters":{"build_system":"lua","cflags":[],"cppflags":[],"cxxflags":[],"fflags":[],"ldflags":[],"ldlibs":[]},"package_hash":"ok3owjurss4kqfqdxx457vfzot46eorspw3k3xqus2d2uwd6kloq====","dependencies":[{"name":"compiler-wrapper","hash":"i44iohyma6kkrf5ib2q2ki2ie2kvgy5t","parameters":{"deptypes":["build"],"virtuals":[]}},{"name":"gcc","hash":"4xzbjox43immf63pexifjzhwt2xd7ujq","parameters":{"deptypes":["build"],"virtuals":["c"]}},{"name":"gcc-runtime","hash":"6b7thr7jsw65sazoqbltb3wml74l452d","parameters":{"deptypes":["link"],"virtuals":[]}},{"name":"glibc","hash":"epwvtixhoxdeufu6kbbrpaigv2p6iav4","parameters":{"deptypes":["link"],"virtuals":["libc"]}},{"name":"lua","hash":"geqpxnt6q2ohmgf3cwfj5aeykheli6bp","parameters":{"deptypes":["build","link","run"],"virtuals":["lua-lang"]}}],"annotations":{"original_specfile_version":5},"hash":"rm7hxvyrv3icsqcub4zd54lhoh73m73w"},"zwn6d2ero5d26oxg5dtypz573vkbybnr":{"name":"lua-luaposix","version":"36.3","arch":{"platform":"linux","platform_os":"ubuntu22.04","target":"x86_64_v3"},"namespace":"builtin","parameters":{"build_system":"lua","cflags":[],"cppflags":[],"cxxflags":[],"fflags":[],"ldflags":[],"ldlibs":[]},"package_hash":"4uytjky54p5yaiejudewn2so6r6uq6bw3dn43vbxcd5cudftyhbq====","dependencies":[{"name":"compiler-wrapper","hash":"i44iohyma6kkrf5ib2q2ki2ie2kvgy5t","parameters":{"deptypes":["build"],"virtuals":[]}},{"name":"gcc","hash":"4xzbjox43immf63pexifjzhwt2xd7ujq","parameters":{"deptypes":["build"],"virtuals":["c"]}},{"name":"gcc-runtime","hash":"6b7thr7jsw65sazoqbltb3wml74l452d","parameters":{"deptypes":["link"],"virtuals":[]}},{"name":"glibc","hash":"epwvtixhoxdeufu6kbbrpaigv2p6iav4","parameters":{"deptypes":["link"],"virtuals":["libc"]}},{"name":"libxcrypt","hash":"whz2iiddndevso4hzreyejwzfzdynyhb","parameters":{"deptypes":["build","link"],"virtuals":[]}},{"name":"lua","hash":"geqpxnt6q2ohmgf3cwfj5aeykheli6bp","parameters":{"deptypes":["build","link","run"],"virtuals":["lua-lang"]}}],"annotations":{"original_specfile_version":5},"hash":"zwn6d2ero5d26oxg5dtypz573vkbybnr"},"whz2iiddndevso4hzreyejwzfzdynyhb":{"name":"libxcrypt","version":"4.5.2","arch":{"platform":"linux","platform_os":"ubuntu22.04","target":"x86_64_v3"},"namespace":"builtin","parameters":{"build_system":"autotools","obsolete_api":false,"cflags":[],"cppflags":[],"cxxflags":[],"fflags":[],"ldflags":[],"ldlibs":[]},"package_hash":"4emt2ct7ithxrxyp4cqvcehq6zptruurmedx6xrxsncjezriaxuq====","dependencies":[{"name":"compiler-wrapper","hash":"i44iohyma6kkrf5ib2q2ki2ie2kvgy5t","parameters":{"deptypes":["build"],"virtuals":[]}},{"name":"gcc","hash":"4xzbjox43immf63pexifjzhwt2xd7ujq","parameters":{"deptypes":["build"],"virtuals":["c"]}},{"name":"gcc-runtime","hash":"6b7thr7jsw65sazoqbltb3wml74l452d","parameters":{"deptypes":["link"],"virtuals":[]}},{"name":"glibc","hash":"epwvtixhoxdeufu6kbbrpaigv2p6iav4","parameters":{"deptypes":["link"],"virtuals":["libc"]}},{"name":"gmake","hash":"a5kigyorudb5wabe3u3j3o4q7nzc3ch5","parameters":{"deptypes":["build"],"virtuals":[]}},{"name":"perl","hash":"uxxcjm6dehkfbmetf3qvocbdvxaczpez","parameters":{"deptypes":["build"],"virtuals":[]}}],"annotations":{"original_specfile_version":5},"hash":"whz2iiddndevso4hzreyejwzfzdynyhb"},"uh7yib7trb6ozc7win4cnufspbkjwxuf":{"name":"procps","version":"4.0.6","arch":{"platform":"linux","platform_os":"ubuntu22.04","target":"x86_64_v3"},"namespace":"builtin","parameters":{"build_system":"autotools","nls":true,"cflags":[],"cppflags":[],"cxxflags":[],"fflags":[],"ldflags":[],"ldlibs":[]},"package_hash":"q2lrelnahnuvm2vnql3qbqer4gkanmgytzxy5h2gskrf7kc7pefa====","dependencies":[{"name":"autoconf","hash":"aliifjmvi4txebye7nokhrhqzl7z64iu","parameters":{"deptypes":["build"],"virtuals":[]}},{"name":"automake","hash":"nzzbm3kqxwjwz6bh6wzlig27vknmne5k","parameters":{"deptypes":["build"],"virtuals":[]}},{"name":"compiler-wrapper","hash":"i44iohyma6kkrf5ib2q2ki2ie2kvgy5t","parameters":{"deptypes":["build"],"virtuals":[]}},{"name":"gcc","hash":"4xzbjox43immf63pexifjzhwt2xd7ujq","parameters":{"deptypes":["build"],"virtuals":["c"]}},{"name":"gcc-runtime","hash":"6b7thr7jsw65sazoqbltb3wml74l452d","parameters":{"deptypes":["link"],"virtuals":[]}},{"name":"gettext","hash":"dgqu7li2ycwsdiap4riddw6hmzhficut","parameters":{"deptypes":["build","link"],"virtuals":[]}},{"name":"glibc","hash":"epwvtixhoxdeufu6kbbrpaigv2p6iav4","parameters":{"deptypes":["link"],"virtuals":["libc"]}},{"name":"gmake","hash":"a5kigyorudb5wabe3u3j3o4q7nzc3ch5","parameters":{"deptypes":["build"],"virtuals":[]}},{"name":"libiconv","hash":"nokiythqhpbqwc7qvw2hnrxses56jarm","parameters":{"deptypes":["build","link"],"virtuals":["iconv"]}},{"name":"libtool","hash":"obhok32saq4rldkhmlnwuacxopmerhvv","parameters":{"deptypes":["build"],"virtuals":[]}},{"name":"m4","hash":"akdnsw3udu5ppflcigvzddm4lbdanpvy","parameters":{"deptypes":["build"],"virtuals":[]}},{"name":"ncurses","hash":"hw5ktbfepcodrtidyzho3qw3exoihnab","parameters":{"deptypes":["build","link"],"virtuals":[]}},{"name":"pkg-config","hash":"vicimqwpmskfyafwj7idi42ylfsnzu2w","parameters":{"deptypes":["build"],"virtuals":["pkgconfig"]}}],"annotations":{"original_specfile_version":5},"hash":"uh7yib7trb6ozc7win4cnufspbkjwxuf"},"aliifjmvi4txebye7nokhrhqzl7z64iu":{"name":"autoconf","version":"2.71","arch":{"platform":"linux","platform_os":"ubuntu22.04","target":"x86_64_v3"},"namespace":"builtin","parameters":{"build_system":"autotools","cflags":[],"cppflags":[],"cxxflags":[],"fflags":[],"ldflags":[],"ldlibs":[]},"external":{"path":"/usr","module":null,"extra_attributes":{}},"package_hash":"qvstdavbh7lqwlklvuy7nazz4flnvusscco543ek6fkvfstb2pkq====","annotations":{"original_specfile_version":5},"hash":"aliifjmvi4txebye7nokhrhqzl7z64iu"},"nzzbm3kqxwjwz6bh6wzlig27vknmne5k":{"name":"automake","version":"1.16.5","arch":{"platform":"linux","platform_os":"ubuntu22.04","target":"x86_64_v3"},"namespace":"builtin","parameters":{"build_system":"autotools","cflags":[],"cppflags":[],"cxxflags":[],"fflags":[],"ldflags":[],"ldlibs":[]},"external":{"path":"/usr","module":null,"extra_attributes":{}},"package_hash":"ptqep3dl3sq3idtnwz3n6dayudh3hxntf6tjinvfeaffnow3ayxa====","annotations":{"original_specfile_version":5},"hash":"nzzbm3kqxwjwz6bh6wzlig27vknmne5k"},"obhok32saq4rldkhmlnwuacxopmerhvv":{"name":"libtool","version":"2.4.6","arch":{"platform":"linux","platform_os":"ubuntu22.04","target":"x86_64_v3"},"namespace":"builtin","parameters":{"build_system":"autotools","cflags":[],"cppflags":[],"cxxflags":[],"fflags":[],"ldflags":[],"ldlibs":[]},"external":{"path":"/usr","module":null,"extra_attributes":{}},"package_hash":"otodf6mupuelbto6jld4tih44mkkfyzszul4cteyxzq4xq7spaea====","annotations":{"original_specfile_version":5},"hash":"obhok32saq4rldkhmlnwuacxopmerhvv"},"akdnsw3udu5ppflcigvzddm4lbdanpvy":{"name":"m4","version":"1.4.18","arch":{"platform":"linux","platform_os":"ubuntu22.04","target":"x86_64_v3"},"namespace":"builtin","parameters":{"build_system":"autotools","sigsegv":true,"cflags":[],"cppflags":[],"cxxflags":[],"fflags":[],"ldflags":[],"ldlibs":[]},"external":{"path":"/usr","module":null,"extra_attributes":{}},"package_hash":"fml7z3rt4wutyy6u2srugl3xiw3zjvo3rfkpbinjmfiqpyhugpkq====","annotations":{"original_specfile_version":5},"hash":"akdnsw3udu5ppflcigvzddm4lbdanpvy"},"m33rhtn6fn6kddg6tbzw6avck4x2l72d":{"name":"sed","version":"4.8","arch":{"platform":"linux","platform_os":"ubuntu22.04","target":"x86_64_v3"},"namespace":"builtin","parameters":{"build_system":"autotools","cflags":[],"cppflags":[],"cxxflags":[],"fflags":[],"ldflags":[],"ldlibs":[]},"external":{"path":"/usr","module":null,"extra_attributes":{}},"package_hash":"xfhzpuinclurunjy63klhcabtnhx3fzwzfrz64wtsun25fu7t4oa====","annotations":{"original_specfile_version":5},"hash":"m33rhtn6fn6kddg6tbzw6avck4x2l72d"},"ugcau3u37h45zcy6x74qnx22su2ts6k6":{"name":"tcl","version":"8.6.17","arch":{"platform":"linux","platform_os":"ubuntu22.04","target":"x86_64_v3"},"namespace":"builtin","parameters":{"build_system":"autotools","cflags":[],"cppflags":[],"cxxflags":[],"fflags":[],"ldflags":[],"ldlibs":[]},"package_hash":"w6qnikqpnvab6ecerazscmitr4btcdv7v32vygcz6yx65in5mtja====","dependencies":[{"name":"compiler-wrapper","hash":"i44iohyma6kkrf5ib2q2ki2ie2kvgy5t","parameters":{"deptypes":["build"],"virtuals":[]}},{"name":"gcc","hash":"4xzbjox43immf63pexifjzhwt2xd7ujq","parameters":{"deptypes":["build"],"virtuals":["c","cxx"]}},{"name":"gcc-runtime","hash":"6b7thr7jsw65sazoqbltb3wml74l452d","parameters":{"deptypes":["link"],"virtuals":[]}},{"name":"glibc","hash":"epwvtixhoxdeufu6kbbrpaigv2p6iav4","parameters":{"deptypes":["link"],"virtuals":["libc"]}},{"name":"gmake","hash":"a5kigyorudb5wabe3u3j3o4q7nzc3ch5","parameters":{"deptypes":["build"],"virtuals":[]}},{"name":"zlib","hash":"nffmrr4xtgpdzkg4lyvkm46toa6mdxgu","parameters":{"deptypes":["build","link"],"virtuals":["zlib-api"]}}],"annotations":{"original_specfile_version":5},"hash":"ugcau3u37h45zcy6x74qnx22su2ts6k6"}}}